
Microsoft Visual Studio Solution File, Format Version 12.00
# Visual Studio Version 17
VisualStudioVersion = 17.5.33530.505
MinimumVisualStudioVersion = 10.0.40219.1
Project("{FAE04EC0-301F-11D3-BF4B-00C04F79EFBC}") = "MvcFirmaCAgirilar", "MvcFirmaCAgirilar.csproj", "{7F0248CA-783F-4E1F-8318-6B470B7B3F14}"
EndProject
Global
	GlobalSection(SolutionConfigurationPlatforms) = preSolution
		Debug|Any CPU = Debug|Any CPU
		Release|Any CPU = Release|Any CPU
	EndGlobalSection
	GlobalSection(ProjectConfigurationPlatforms) = postSolution
		{7F0248CA-783F-4E1F-8318-6B470B7B3F14}.Debug|Any CPU.ActiveCfg = Debug|Any CPU
		{7F0248CA-783F-4E1F-8318-6B470B7B3F14}.Debug|Any CPU.Build.0 = Debug|Any CPU
		{7F0248CA-783F-4E1F-8318-6B470B7B3F14}.Release|Any CPU.ActiveCfg = Release|Any CPU
		{7F0248CA-783F-4E1F-8318-6B470B7B3F14}.Release|Any CPU.Build.0 = Release|Any CPU
	EndGlobalSection
	GlobalSection(SolutionProperties) = preSolution
		HideSolutionNode = FALSE
	EndGlobalSection
	GlobalSection(ExtensibilityGlobals) = postSolution
		SolutionGuid = {9FFA5FA4-E953-413C-A418-901789984FA5}
	EndGlobalSection
EndGlobal
